# THIS IS AN AUTOGENERATED FILE. DO NOT EDIT THIS FILE DIRECTLY.
# yarn lockfile v1


"@esbuild/android-arm@0.15.15":
  version "0.15.15"
  resolved "https://registry.yarnpkg.com/@esbuild/android-arm/-/android-arm-0.15.15.tgz#35b3cc0f9e69cb53932d44f60b99dd440335d2f0"
  integrity sha512-JJjZjJi2eBL01QJuWjfCdZxcIgot+VoK6Fq7eKF9w4YHm9hwl7nhBR1o2Wnt/WcANk5l9SkpvrldW1PLuXxcbw==

"@esbuild/linux-loong64@0.15.15":
  version "0.15.15"
  resolved "https://registry.yarnpkg.com/@esbuild/linux-loong64/-/linux-loong64-0.15.15.tgz#32c65517a09320b62530867345222fde7794fbe1"
  integrity sha512-lhz6UNPMDXUhtXSulw8XlFAtSYO26WmHQnCi2Lg2p+/TMiJKNLtZCYUxV4wG6rZMzXmr8InGpNwk+DLT2Hm0PA==

"@tootallnate/once@2":
  version "2.0.0"
  resolved "https://registry.yarnpkg.com/@tootallnate/once/-/once-2.0.0.tgz#f544a148d3ab35801c1f633a7441fd87c2e484bf"
  integrity sha512-XCuKFP5PS55gnMVu3dty8KPatLqUoy/ZYzDzAGCQ8JNFCkLXzmI7vNHCR+XpbZaMWQK/vQubr7PkYq8g470J/A==

"@types/jsdom@20.0.1":
  version "20.0.1"
  resolved "https://registry.yarnpkg.com/@types/jsdom/-/jsdom-20.0.1.tgz#07c14bc19bd2f918c1929541cdaacae894744808"
  integrity sha512-d0r18sZPmMQr1eG35u12FZfhIXNrnsPU/g5wvRKCUf/tOGilKKwYMYGqh33BNR6ba+2gkHw1EUiHoN3mn7E5IQ==
  dependencies:
    "@types/node" "*"
    "@types/tough-cookie" "*"
    parse5 "^7.0.0"

"@types/lodash@4.14.190":
  version "4.14.190"
  resolved "https://registry.yarnpkg.com/@types/lodash/-/lodash-4.14.190.tgz#d8e99647af141c63902d0ca53cf2b34d2df33545"
  integrity sha512-5iJ3FBJBvQHQ8sFhEhJfjUP+G+LalhavTkYyrAYqz5MEJG+erSv0k9KJLb6q7++17Lafk1scaTIFXcMJlwK8Mw==

"@types/node-fetch@2.x":
  version "2.6.2"
  resolved "https://registry.yarnpkg.com/@types/node-fetch/-/node-fetch-2.6.2.tgz#d1a9c5fd049d9415dce61571557104dec3ec81da"
  integrity sha512-DHqhlq5jeESLy19TYhLakJ07kNumXWjcDdxXsLUMJZ6ue8VZJj4kLPQVE/2mdHh3xZziNF1xppu5lwmS53HR+A==
  dependencies:
    "@types/node" "*"
    form-data "^3.0.0"

"@types/node@*":
  version "18.11.9"
  resolved "https://registry.yarnpkg.com/@types/node/-/node-18.11.9.tgz#02d013de7058cea16d36168ef2fc653464cfbad4"
  integrity sha512-CRpX21/kGdzjOpFsZSkcrXMGIBWMGNIHXXBVFSH+ggkftxg+XYP20TESbh+zFvFj3EQOl5byk0HTRn1IL6hbqg==

"@types/tough-cookie@*":
  version "4.0.2"
  resolved "https://registry.yarnpkg.com/@types/tough-cookie/-/tough-cookie-4.0.2.tgz#6286b4c7228d58ab7866d19716f3696e03a09397"
  integrity sha512-Q5vtl1W5ue16D+nIaW8JWebSSraJVlK+EthKn7e7UcD4KWsaSJ8BqGPXNaPghgtcn/fhvrN17Tv8ksUsQpiplw==

abab@^2.0.6:
  version "2.0.6"
  resolved "https://registry.yarnpkg.com/abab/-/abab-2.0.6.tgz#41b80f2c871d19686216b82309231cfd3cb3d291"
  integrity sha512-j2afSsaIENvHZN2B8GOpF566vZ5WVk5opAiMTvWgaQT8DkbOqsTfvNAvHoRGU2zzP8cPoqys+xHTRDWW8L+/BA==

acorn-globals@^7.0.0:
  version "7.0.1"
  resolved "https://registry.yarnpkg.com/acorn-globals/-/acorn-globals-7.0.1.tgz#0dbf05c44fa7c94332914c02066d5beff62c40c3"
  integrity sha512-umOSDSDrfHbTNPuNpC2NSnnA3LUrqpevPb4T9jRx4MagXNS0rs+gwiTcAvqCRmsD6utzsrzNt+ebm00SNWiC3Q==
  dependencies:
    acorn "^8.1.0"
    acorn-walk "^8.0.2"

acorn-walk@^8.0.2:
  version "8.2.0"
  resolved "https://registry.yarnpkg.com/acorn-walk/-/acorn-walk-8.2.0.tgz#741210f2e2426454508853a2f44d0ab83b7f69c1"
  integrity sha512-k+iyHEuPgSw6SbuDpGQM+06HQUa04DZ3o+F6CSzXMvvI5KMvnaEqXe+YVe555R9nn6GPt404fos4wcgpw12SDA==

acorn@^8.1.0, acorn@^8.8.1:
  version "8.8.1"
  resolved "https://registry.yarnpkg.com/acorn/-/acorn-8.8.1.tgz#0a3f9cbecc4ec3bea6f0a80b66ae8dd2da250b73"
  integrity sha512-7zFpHzhnqYKrkYdUjF1HI1bzd0VygEGX8lFk4k5zVMqHEoES+P+7TKI+EvLO9WVMJ8eekdO0aDEK044xTXwPPA==

agent-base@6:
  version "6.0.2"
  resolved "https://registry.yarnpkg.com/agent-base/-/agent-base-6.0.2.tgz#49fff58577cfee3f37176feab4c22e00f86d7f77"
  integrity sha512-RZNwNclF7+MS/8bDg70amg32dyeZGZxiDuQmZxKLAlQjr3jGyLx+4Kkk58UO7D2QdgFIQCovuSuZESne6RG6XQ==
  dependencies:
    debug "4"

asynckit@^0.4.0:
  version "0.4.0"
  resolved "https://registry.yarnpkg.com/asynckit/-/asynckit-0.4.0.tgz#c79ed97f7f34cb8f2ba1bc9790bcc366474b4b79"
  integrity sha512-Oei9OH4tRh0YqU3GxhX79dM/mwVgvbZJaSNaRk+bshkj0S5cfHcgYakreBjrHwatXKbz+IoIdYLxrKim2MjW0Q==

buffer-from@^1.0.0:
  version "1.1.2"
  resolved "https://registry.yarnpkg.com/buffer-from/-/buffer-from-1.1.2.tgz#2b146a6fd72e80b4f55d255f35ed59a3a9a41bd5"
  integrity sha512-E+XQCRwSbaaiChtv6k6Dwgc+bx+Bs6vuKJHHl5kox/BaKbhiXzqQOwK4cO22yElGp2OCmjwVhT3HmxgyPGnJfQ==

combined-stream@^1.0.8:
  version "1.0.8"
  resolved "https://registry.yarnpkg.com/combined-stream/-/combined-stream-1.0.8.tgz#c3d45a8b34fd730631a110a8a2520682b31d5a7f"
  integrity sha512-FQN4MRfuJeHf7cBbBMJFXhKSDq+2kAArBlmRBvcvFE5BB1HZKXtSFASDhdlz9zOYwxh8lDdnvmMOe/+5cdoEdg==
  dependencies:
    delayed-stream "~1.0.0"

cssom@^0.5.0:
  version "0.5.0"
  resolved "https://registry.yarnpkg.com/cssom/-/cssom-0.5.0.tgz#d254fa92cd8b6fbd83811b9fbaed34663cc17c36"
  integrity sha512-iKuQcq+NdHqlAcwUY0o/HL69XQrUaQdMjmStJ8JFmUaiiQErlhrmuigkg/CU4E2J0IyUKUrMAgl36TvN67MqTw==

cssom@~0.3.6:
  version "0.3.8"
  resolved "https://registry.yarnpkg.com/cssom/-/cssom-0.3.8.tgz#9f1276f5b2b463f2114d3f2c75250af8c1a36f4a"
  integrity sha512-b0tGHbfegbhPJpxpiBPU2sCkigAqtM9O121le6bbOlgyV+NyGyCmVfJ6QW9eRjz8CpNfWEOYBIMIGRYkLwsIYg==

cssstyle@^2.3.0:
  version "2.3.0"
  resolved "https://registry.yarnpkg.com/cssstyle/-/cssstyle-2.3.0.tgz#ff665a0ddbdc31864b09647f34163443d90b0852"
  integrity sha512-AZL67abkUzIuvcHqk7c09cezpGNcxUxU4Ioi/05xHk4DQeTkWmGYftIE6ctU6AEt+Gn4n1lDStOtj7FKycP71A==
  dependencies:
    cssom "~0.3.6"

data-urls@^3.0.2:
  version "3.0.2"
  resolved "https://registry.yarnpkg.com/data-urls/-/data-urls-3.0.2.tgz#9cf24a477ae22bcef5cd5f6f0bfbc1d2d3be9143"
  integrity sha512-Jy/tj3ldjZJo63sVAvg6LHt2mHvl4V6AgRAmNDtLdm7faqtsx+aJG42rsyCo9JCoRVKwPFzKlIPx3DIibwSIaQ==
  dependencies:
    abab "^2.0.6"
    whatwg-mimetype "^3.0.0"
    whatwg-url "^11.0.0"

debug@4:
  version "4.3.4"
  resolved "https://registry.yarnpkg.com/debug/-/debug-4.3.4.tgz#1319f6579357f2338d3337d2cdd4914bb5dcc865"
  integrity sha512-PRWFHuSU3eDtQJPvnNY7Jcket1j0t5OuOsFzPPzsekD52Zl8qUfFIPEiswXqIvHWGVHOgX+7G/vCNNhehwxfkQ==
  dependencies:
    ms "2.1.2"

decimal.js@^10.4.2:
  version "10.4.2"
  resolved "https://registry.yarnpkg.com/decimal.js/-/decimal.js-10.4.2.tgz#0341651d1d997d86065a2ce3a441fbd0d8e8b98e"
  integrity sha512-ic1yEvwT6GuvaYwBLLY6/aFFgjZdySKTE8en/fkU3QICTmRtgtSlFn0u0BXN06InZwtfCelR7j8LRiDI/02iGA==

deep-is@~0.1.3:
  version "0.1.4"
  resolved "https://registry.yarnpkg.com/deep-is/-/deep-is-0.1.4.tgz#a6f2dce612fadd2ef1f519b73551f17e85199831"
  integrity sha512-oIPzksmTg4/MriiaYGO+okXDT7ztn/w3Eptv/+gSIdMdKsJo0u4CfYNFJPy+4SKMuCqGw2wxnA+URMg3t8a/bQ==

delayed-stream@~1.0.0:
  version "1.0.0"
  resolved "https://registry.yarnpkg.com/delayed-stream/-/delayed-stream-1.0.0.tgz#df3ae199acadfb7d440aaae0b29e2272b24ec619"
  integrity sha512-ZySD7Nf91aLB0RxL4KGrKHBXl7Eds1DAmEdcoVawXnLD7SDhpNgtuII2aAkg7a7QS41jxPSZ17p4VdGnMHk3MQ==

domexception@^4.0.0:
  version "4.0.0"
  resolved "https://registry.yarnpkg.com/domexception/-/domexception-4.0.0.tgz#4ad1be56ccadc86fc76d033353999a8037d03673"
  integrity sha512-A2is4PLG+eeSfoTMA95/s4pvAoSo2mKtiM5jlHkAVewmiO8ISFTFKZjH7UAM1Atli/OT/7JHOrJRJiMKUZKYBw==
  dependencies:
    webidl-conversions "^7.0.0"

entities@^4.4.0:
  version "4.4.0"
  resolved "https://registry.yarnpkg.com/entities/-/entities-4.4.0.tgz#97bdaba170339446495e653cfd2db78962900174"
  integrity sha512-oYp7156SP8LkeGD0GF85ad1X9Ai79WtRsZ2gxJqtBuzH+98YUV6jkHEKlZkMbcrjJjIVJNIDP/3WL9wQkoPbWA==

esbuild-android-64@0.15.15:
  version "0.15.15"
  resolved "https://registry.yarnpkg.com/esbuild-android-64/-/esbuild-android-64-0.15.15.tgz#fd959b034dd761d14e13dda6214b6948841ff4ff"
  integrity sha512-F+WjjQxO+JQOva3tJWNdVjouFMLK6R6i5gjDvgUthLYJnIZJsp1HlF523k73hELY20WPyEO8xcz7aaYBVkeg5Q==

esbuild-android-arm64@0.15.15:
  version "0.15.15"
  resolved "https://registry.yarnpkg.com/esbuild-android-arm64/-/esbuild-android-arm64-0.15.15.tgz#9733b71cf0229b4356f106a455b2cfdf7884aa59"
  integrity sha512-attlyhD6Y22jNyQ0fIIQ7mnPvDWKw7k6FKnsXlBvQE6s3z6s6cuEHcSgoirquQc7TmZgVCK5fD/2uxmRN+ZpcQ==

esbuild-darwin-64@0.15.15:
  version "0.15.15"
  resolved "https://registry.yarnpkg.com/esbuild-darwin-64/-/esbuild-darwin-64-0.15.15.tgz#fc3482fdf5e798dbc0b8b2fe13287d257a45efc6"
  integrity sha512-ohZtF8W1SHJ4JWldsPVdk8st0r9ExbAOSrBOh5L+Mq47i696GVwv1ab/KlmbUoikSTNoXEhDzVpxUR/WIO19FQ==

esbuild-darwin-arm64@0.15.15:
  version "0.15.15"
  resolved "https://registry.yarnpkg.com/esbuild-darwin-arm64/-/esbuild-darwin-arm64-0.15.15.tgz#e922ec387c00fa84d664e14b5722fe13613f4adc"
  integrity sha512-P8jOZ5zshCNIuGn+9KehKs/cq5uIniC+BeCykvdVhx/rBXSxmtj3CUIKZz4sDCuESMbitK54drf/2QX9QHG5Ag==

esbuild-freebsd-64@0.15.15:
  version "0.15.15"
  resolved "https://registry.yarnpkg.com/esbuild-freebsd-64/-/esbuild-freebsd-64-0.15.15.tgz#69a42d79137d7d3ea718414c432bc10e8bb97c68"
  integrity sha512-KkTg+AmDXz1IvA9S1gt8dE24C8Thx0X5oM0KGF322DuP+P3evwTL9YyusHAWNsh4qLsR80nvBr/EIYs29VSwuA==

esbuild-freebsd-arm64@0.15.15:
  version "0.15.15"
  resolved "https://registry.yarnpkg.com/esbuild-freebsd-arm64/-/esbuild-freebsd-arm64-0.15.15.tgz#63b6d0dd492f7394f8d07a0e2b931151eb9d60c4"
  integrity sha512-FUcML0DRsuyqCMfAC+HoeAqvWxMeq0qXvclZZ/lt2kLU6XBnDA5uKTLUd379WYEyVD4KKFctqWd9tTuk8C/96g==

esbuild-linux-32@0.15.15:
  version "0.15.15"
  resolved "https://registry.yarnpkg.com/esbuild-linux-32/-/esbuild-linux-32-0.15.15.tgz#7f295795fd7e61ea57d1135f717424a6771a7472"
  integrity sha512-q28Qn5pZgHNqug02aTkzw5sW9OklSo96b5nm17Mq0pDXrdTBcQ+M6Q9A1B+dalFeynunwh/pvfrNucjzwDXj+Q==

esbuild-linux-64@0.15.15:
  version "0.15.15"
  resolved "https://registry.yarnpkg.com/esbuild-linux-64/-/esbuild-linux-64-0.15.15.tgz#11a430a86403b0411ca0a355b891f1cb8c4c4ec6"
  integrity sha512-217KPmWMirkf8liO+fj2qrPwbIbhNTGNVtvqI1TnOWJgcMjUWvd677Gq3fTzXEjilkx2yWypVnTswM2KbXgoAg==

esbuild-linux-arm64@0.15.15:
  version "0.15.15"
  resolved "https://registry.yarnpkg.com/esbuild-linux-arm64/-/esbuild-linux-arm64-0.15.15.tgz#b65f9a2c60e8e5b62f6cfd392cd0410f22e8c390"
  integrity sha512-/ltmNFs0FivZkYsTzAsXIfLQX38lFnwJTWCJts0IbCqWZQe+jjj0vYBNbI0kmXLb3y5NljiM5USVAO1NVkdh2g==

esbuild-linux-arm@0.15.15:
  version "0.15.15"
  resolved "https://registry.yarnpkg.com/esbuild-linux-arm/-/esbuild-linux-arm-0.15.15.tgz#c8e13e45a0a6f0cb145ce13ae26ce1d2551d9bcc"
  integrity sha512-RYVW9o2yN8yM7SB1yaWr378CwrjvGCyGybX3SdzPHpikUHkME2AP55Ma20uNwkNyY2eSYFX9D55kDrfQmQBR4w==

esbuild-linux-mips64le@0.15.15:
  version "0.15.15"
  resolved "https://registry.yarnpkg.com/esbuild-linux-mips64le/-/esbuild-linux-mips64le-0.15.15.tgz#d4c24d47e43966fcac748c90621be7edd53456c0"
  integrity sha512-PksEPb321/28GFFxtvL33yVPfnMZihxkEv5zME2zapXGp7fA1X2jYeiTUK+9tJ/EGgcNWuwvtawPxJG7Mmn86A==

esbuild-linux-ppc64le@0.15.15:
  version "0.15.15"
  resolved "https://registry.yarnpkg.com/esbuild-linux-ppc64le/-/esbuild-linux-ppc64le-0.15.15.tgz#2eba53fe2282438ceca5471bdb57ba2e00216ed6"
  integrity sha512-ek8gJBEIhcpGI327eAZigBOHl58QqrJrYYIZBWQCnH3UnXoeWMrMZLeeZL8BI2XMBhP+sQ6ERctD5X+ajL/AIA==

esbuild-linux-riscv64@0.15.15:
  version "0.15.15"
  resolved "https://registry.yarnpkg.com/esbuild-linux-riscv64/-/esbuild-linux-riscv64-0.15.15.tgz#1afa8dfe55a6c312f1904ee608b81417205f5027"
  integrity sha512-H5ilTZb33/GnUBrZMNJtBk7/OXzDHDXjIzoLXHSutwwsLxSNaLxzAaMoDGDd/keZoS+GDBqNVxdCkpuiRW4OSw==

esbuild-linux-s390x@0.15.15:
  version "0.15.15"
  resolved "https://registry.yarnpkg.com/esbuild-linux-s390x/-/esbuild-linux-s390x-0.15.15.tgz#1f7b3c4429c8ca99920ba6bf356ccc5b38fabd34"
  integrity sha512-jKaLUg78mua3rrtrkpv4Or2dNTJU7bgHN4bEjT4OX4GR7nLBSA9dfJezQouTxMmIW7opwEC5/iR9mpC18utnxQ==

esbuild-netbsd-64@0.15.15:
  version "0.15.15"
  resolved "https://registry.yarnpkg.com/esbuild-netbsd-64/-/esbuild-netbsd-64-0.15.15.tgz#d72c7155686c938c1aff126209b689c22823347c"
  integrity sha512-aOvmF/UkjFuW6F36HbIlImJTTx45KUCHJndtKo+KdP8Dhq3mgLRKW9+6Ircpm8bX/RcS3zZMMmaBLkvGY06Gvw==

esbuild-openbsd-64@0.15.15:
  version "0.15.15"
  resolved "https://registry.yarnpkg.com/esbuild-openbsd-64/-/esbuild-openbsd-64-0.15.15.tgz#761bd87ecab97386948eaf667a065cb0ecaa0f76"
  integrity sha512-HFFX+WYedx1w2yJ1VyR1Dfo8zyYGQZf1cA69bLdrHzu9svj6KH6ZLK0k3A1/LFPhcEY9idSOhsB2UyU0tHPxgQ==

esbuild-runner@2.2.2:
  version "2.2.2"
  resolved "https://registry.yarnpkg.com/esbuild-runner/-/esbuild-runner-2.2.2.tgz#4243089f14c9690bff70beee16da3c41fd1dec50"
  integrity sha512-fRFVXcmYVmSmtYm2mL8RlUASt2TDkGh3uRcvHFOKNr/T58VrfVeKD9uT9nlgxk96u0LS0ehS/GY7Da/bXWKkhw==
  dependencies:
    source-map-support "0.5.21"
    tslib "2.4.0"

esbuild-sunos-64@0.15.15:
  version "0.15.15"
  resolved "https://registry.yarnpkg.com/esbuild-sunos-64/-/esbuild-sunos-64-0.15.15.tgz#07e04cbf9747f281a967d09230a158a1be5b530c"
  integrity sha512-jOPBudffG4HN8yJXcK9rib/ZTFoTA5pvIKbRrt3IKAGMq1EpBi4xoVoSRrq/0d4OgZLaQbmkHp8RO9eZIn5atA==

esbuild-windows-32@0.15.15:
  version "0.15.15"
  resolved "https://registry.yarnpkg.com/esbuild-windows-32/-/esbuild-windows-32-0.15.15.tgz#130d1982cc41fb67461e9f8a65c6ebd13a1f35bb"
  integrity sha512-MDkJ3QkjnCetKF0fKxCyYNBnOq6dmidcwstBVeMtXSgGYTy8XSwBeIE4+HuKiSsG6I/mXEb++px3IGSmTN0XiA==

esbuild-windows-64@0.15.15:
  version "0.15.15"
  resolved "https://registry.yarnpkg.com/esbuild-windows-64/-/esbuild-windows-64-0.15.15.tgz#638bdf495c109c1882e8b0529cb8e2fea11383fb"
  integrity sha512-xaAUIB2qllE888SsMU3j9nrqyLbkqqkpQyWVkfwSil6BBPgcPk3zOFitTTncEKCLTQy3XV9RuH7PDj3aJDljWA==

esbuild-windows-arm64@0.15.15:
  version "0.15.15"
  resolved "https://registry.yarnpkg.com/esbuild-windows-arm64/-/esbuild-windows-arm64-0.15.15.tgz#5a277ce10de999d2a6465fc92a8c2a2d207ebd31"
  integrity sha512-ttuoCYCIJAFx4UUKKWYnFdrVpoXa3+3WWkXVI6s09U+YjhnyM5h96ewTq/WgQj9LFSIlABQvadHSOQyAVjW5xQ==

esbuild@0.15.15:
  version "0.15.15"
  resolved "https://registry.yarnpkg.com/esbuild/-/esbuild-0.15.15.tgz#503b70bdc18d72d8fc2962ed3ab9219249e58bbe"
  integrity sha512-TEw/lwK4Zzld9x3FedV6jy8onOUHqcEX3ADFk4k+gzPUwrxn8nWV62tH0udo8jOtjFodlEfc4ypsqX3e+WWO6w==
  optionalDependencies:
    "@esbuild/android-arm" "0.15.15"
    "@esbuild/linux-loong64" "0.15.15"
    esbuild-android-64 "0.15.15"
    esbuild-android-arm64 "0.15.15"
    esbuild-darwin-64 "0.15.15"
    esbuild-darwin-arm64 "0.15.15"
    esbuild-freebsd-64 "0.15.15"
    esbuild-freebsd-arm64 "0.15.15"
    esbuild-linux-32 "0.15.15"
    esbuild-linux-64 "0.15.15"
    esbuild-linux-arm "0.15.15"
    esbuild-linux-arm64 "0.15.15"
    esbuild-linux-mips64le "0.15.15"
    esbuild-linux-ppc64le "0.15.15"
    esbuild-linux-riscv64 "0.15.15"
    esbuild-linux-s390x "0.15.15"
    esbuild-netbsd-64 "0.15.15"
    esbuild-openbsd-64 "0.15.15"
    esbuild-sunos-64 "0.15.15"
    esbuild-windows-32 "0.15.15"
    esbuild-windows-64 "0.15.15"
    esbuild-windows-arm64 "0.15.15"

escodegen@^2.0.0:
  version "2.0.0"
  resolved "https://registry.yarnpkg.com/escodegen/-/escodegen-2.0.0.tgz#5e32b12833e8aa8fa35e1bf0befa89380484c7dd"
  integrity sha512-mmHKys/C8BFUGI+MAWNcSYoORYLMdPzjrknd2Vc+bUsjN5bXcr8EhrNB+UTqfL1y3I9c4fw2ihgtMPQLBRiQxw==
  dependencies:
    esprima "^4.0.1"
    estraverse "^5.2.0"
    esutils "^2.0.2"
    optionator "^0.8.1"
  optionalDependencies:
    source-map "~0.6.1"

esprima@^4.0.1:
  version "4.0.1"
  resolved "https://registry.yarnpkg.com/esprima/-/esprima-4.0.1.tgz#13b04cdb3e6c5d19df91ab6987a8695619b0aa71"
  integrity sha512-eGuFFw7Upda+g4p+QHvnW0RyTX/SVeJBDM/gCtMARO0cLuT2HcEKnTPvhjV6aGeqrCB/sbNop0Kszm0jsaWU4A==

estraverse@^5.2.0:
  version "5.3.0"
  resolved "https://registry.yarnpkg.com/estraverse/-/estraverse-5.3.0.tgz#2eea5290702f26ab8fe5370370ff86c965d21123"
  integrity sha512-MMdARuVEQziNTeJD8DgMqmhwR11BRQ/cBP+pLtYdSTnf3MIO8fFeiINEbX36ZdNlfU/7A9f3gUw49B3oQsvwBA==

esutils@^2.0.2:
  version "2.0.3"
  resolved "https://registry.yarnpkg.com/esutils/-/esutils-2.0.3.tgz#74d2eb4de0b8da1293711910d50775b9b710ef64"
  integrity sha512-kVscqXk4OCp68SZ0dkgEKVi6/8ij300KBWTJq32P/dYeWTSwK41WyTxalN1eRmA5Z9UU/LX9D7FWSmV9SAYx6g==

fast-levenshtein@~2.0.6:
  version "2.0.6"
  resolved "https://registry.yarnpkg.com/fast-levenshtein/-/fast-levenshtein-2.0.6.tgz#3d8a5c66883a16a30ca8643e851f19baa7797917"
  integrity sha512-DCXu6Ifhqcks7TZKY3Hxp3y6qphY5SJZmrWMDrKcERSOXWQdMhU9Ig/PYrzyw/ul9jOIyh0N4M0tbC5hodg8dw==

form-data@^3.0.0:
  version "3.0.1"
  resolved "https://registry.yarnpkg.com/form-data/-/form-data-3.0.1.tgz#ebd53791b78356a99af9a300d4282c4d5eb9755f"
  integrity sha512-RHkBKtLWUVwd7SqRIvCZMEvAMoGUp0XU+seQiZejj0COz3RI3hWP4sCv3gZWWLjJTd7rGwcsF5eKZGii0r/hbg==
  dependencies:
    asynckit "^0.4.0"
    combined-stream "^1.0.8"
    mime-types "^2.1.12"

form-data@^4.0.0:
  version "4.0.0"
  resolved "https://registry.yarnpkg.com/form-data/-/form-data-4.0.0.tgz#93919daeaf361ee529584b9b31664dc12c9fa452"
  integrity sha512-ETEklSGi5t0QMZuiXoA/Q6vcnxcLQP5vdugSpuAyi6SVGi2clPPp+xgEhuMaHC+zGgn31Kd235W35f7Hykkaww==
  dependencies:
    asynckit "^0.4.0"
    combined-stream "^1.0.8"
    mime-types "^2.1.12"

html-encoding-sniffer@^3.0.0:
  version "3.0.0"
  resolved "https://registry.yarnpkg.com/html-encoding-sniffer/-/html-encoding-sniffer-3.0.0.tgz#2cb1a8cf0db52414776e5b2a7a04d5dd98158de9"
  integrity sha512-oWv4T4yJ52iKrufjnyZPkrN0CH3QnrUqdB6In1g5Fe1mia8GmF36gnfNySxoZtxD5+NmYw1EElVXiBk93UeskA==
  dependencies:
    whatwg-encoding "^2.0.0"

http-proxy-agent@^5.0.0:
  version "5.0.0"
  resolved "https://registry.yarnpkg.com/http-proxy-agent/-/http-proxy-agent-5.0.0.tgz#5129800203520d434f142bc78ff3c170800f2b43"
  integrity sha512-n2hY8YdoRE1i7r6M0w9DIw5GgZN0G25P8zLCRQ8rjXtTU3vsNFBI/vWK/UIeE6g5MUUz6avwAPXmL6Fy9D/90w==
  dependencies:
    "@tootallnate/once" "2"
    agent-base "6"
    debug "4"

https-proxy-agent@^5.0.1:
  version "5.0.1"
  resolved "https://registry.yarnpkg.com/https-proxy-agent/-/https-proxy-agent-5.0.1.tgz#c59ef224a04fe8b754f3db0063a25ea30d0005d6"
  integrity sha512-dFcAjpTQFgoLMzC2VwU+C/CbS7uRL0lWmxDITmqm7C+7F0Odmj6s9l6alZc6AELXhrnggM2CeWSXHGOdX2YtwA==
  dependencies:
    agent-base "6"
    debug "4"

iconv-lite@0.6.3:
  version "0.6.3"
  resolved "https://registry.yarnpkg.com/iconv-lite/-/iconv-lite-0.6.3.tgz#a52f80bf38da1952eb5c681790719871a1a72501"
  integrity sha512-4fCk79wshMdzMp2rH06qWrJE4iolqLhCUH+OiuIgU++RB0+94NlDL81atO7GX55uUKueo0txHNtvEyI6D7WdMw==
  dependencies:
    safer-buffer ">= 2.1.2 < 3.0.0"

is-potential-custom-element-name@^1.0.1:
  version "1.0.1"
  resolved "https://registry.yarnpkg.com/is-potential-custom-element-name/-/is-potential-custom-element-name-1.0.1.tgz#171ed6f19e3ac554394edf78caa05784a45bebb5"
  integrity sha512-bCYeRA2rVibKZd+s2625gGnGF/t7DSqDs4dP7CrLA1m7jKWz6pps0LpYLJN8Q64HtmPKJ1hrN3nzPNKFEKOUiQ==

jsdom@20.0.3:
  version "20.0.3"
  resolved "https://registry.yarnpkg.com/jsdom/-/jsdom-20.0.3.tgz#886a41ba1d4726f67a8858028c99489fed6ad4db"
  integrity sha512-SYhBvTh89tTfCD/CRdSOm13mOBa42iTaTyfyEWBdKcGdPxPtLFBXuHR8XHb33YNYaP+lLbmSvBTsnoesCNJEsQ==
  dependencies:
    abab "^2.0.6"
    acorn "^8.8.1"
    acorn-globals "^7.0.0"
    cssom "^0.5.0"
    cssstyle "^2.3.0"
    data-urls "^3.0.2"
    decimal.js "^10.4.2"
    domexception "^4.0.0"
    escodegen "^2.0.0"
    form-data "^4.0.0"
    html-encoding-sniffer "^3.0.0"
    http-proxy-agent "^5.0.0"
    https-proxy-agent "^5.0.1"
    is-potential-custom-element-name "^1.0.1"
    nwsapi "^2.2.2"
    parse5 "^7.1.1"
    saxes "^6.0.0"
    symbol-tree "^3.2.4"
    tough-cookie "^4.1.2"
    w3c-xmlserializer "^4.0.0"
    webidl-conversions "^7.0.0"
    whatwg-encoding "^2.0.0"
    whatwg-mimetype "^3.0.0"
    whatwg-url "^11.0.0"
    ws "^8.11.0"
    xml-name-validator "^4.0.0"

levn@~0.3.0:
  version "0.3.0"
  resolved "https://registry.yarnpkg.com/levn/-/levn-0.3.0.tgz#3b09924edf9f083c0490fdd4c0bc4421e04764ee"
  integrity sha512-0OO4y2iOHix2W6ujICbKIaEQXvFQHue65vUG3pb5EUomzPI90z9hsA1VsO/dbIIpC53J8gxM9Q4Oho0jrCM/yA==
  dependencies:
    prelude-ls "~1.1.2"
    type-check "~0.3.2"

lodash@4.17.21:
  version "4.17.21"
  resolved "https://registry.yarnpkg.com/lodash/-/lodash-4.17.21.tgz#679591c564c3bffaae8454cf0b3df370c3d6911c"
  integrity sha512-v2kDEe57lecTulaDIuNTPy3Ry4gLGJ6Z1O3vE1krgXZNrsQ+LFTGHVxVjcXPs17LhbZVGedAJv8XZ1tvj5FvSg==

mime-db@1.52.0:
  version "1.52.0"
  resolved "https://registry.yarnpkg.com/mime-db/-/mime-db-1.52.0.tgz#bbabcdc02859f4987301c856e3387ce5ec43bf70"
  integrity sha512-sPU4uV7dYlvtWJxwwxHD0PuihVNiE7TyAbQ5SWxDCB9mUYvOgroQOwYQQOKPJ8CIbE+1ETVlOoK1UC2nU3gYvg==

mime-types@^2.1.12:
  version "2.1.35"
  resolved "https://registry.yarnpkg.com/mime-types/-/mime-types-2.1.35.tgz#381a871b62a734450660ae3deee44813f70d959a"
  integrity sha512-ZDY+bPm5zTTF+YpCrAU9nK0UgICYPT0QtT1NZWFv4s++TNkcgVaT0g6+4R2uI4MjQjzysHB1zxuWL50hzaeXiw==
  dependencies:
    mime-db "1.52.0"

ms@2.1.2:
  version "2.1.2"
  resolved "https://registry.yarnpkg.com/ms/-/ms-2.1.2.tgz#d09d1f357b443f493382a8eb3ccd183872ae6009"
  integrity sha512-sGkPx+VjMtmA6MX27oA4FBFELFCZZ4S4XqeGOXCv68tT+jb3vk/RyaKWP0PTKyWtmLSM0b+adUTEvbs1PEaH2w==

node-fetch@2.6.7:
  version "2.6.7"
  resolved "https://registry.yarnpkg.com/node-fetch/-/node-fetch-2.6.7.tgz#24de9fba827e3b4ae44dc8b20256a379160052ad"
  integrity sha512-ZjMPFEfVx5j+y2yF35Kzx5sF7kDzxuDj6ziH4FFbOp87zKDZNx8yExJIb05OGF4Nlt9IHFIMBkRl41VdvcNdbQ==
  dependencies:
    whatwg-url "^5.0.0"

nwsapi@^2.2.2:
  version "2.2.2"
  resolved "https://registry.yarnpkg.com/nwsapi/-/nwsapi-2.2.2.tgz#e5418863e7905df67d51ec95938d67bf801f0bb0"
  integrity sha512-90yv+6538zuvUMnN+zCr8LuV6bPFdq50304114vJYJ8RDyK8D5O9Phpbd6SZWgI7PwzmmfN1upeOJlvybDSgCw==

optionator@^0.8.1:
  version "0.8.3"
  resolved "https://registry.yarnpkg.com/optionator/-/optionator-0.8.3.tgz#84fa1d036fe9d3c7e21d99884b601167ec8fb495"
  integrity sha512-+IW9pACdk3XWmmTXG8m3upGUJst5XRGzxMRjXzAuJ1XnIFNvfhjjIuYkDvysnPQ7qzqVzLt78BCruntqRhWQbA==
  dependencies:
    deep-is "~0.1.3"
    fast-levenshtein "~2.0.6"
    levn "~0.3.0"
    prelude-ls "~1.1.2"
    type-check "~0.3.2"
    word-wrap "~1.2.3"

p-limit@3.1.0:
  version "3.1.0"
  resolved "https://registry.yarnpkg.com/p-limit/-/p-limit-3.1.0.tgz#e1daccbe78d0d1388ca18c64fea38e3e57e3706b"
  integrity sha512-TYOanM3wGwNGsZN2cVTYPArw454xnXj5qmWF1bEoAc4+cU/ol7GVh7odevjp1FNHduHc3KZMcFduxU5Xc6uJRQ==
  dependencies:
    yocto-queue "^0.1.0"

parse5@^7.0.0, parse5@^7.1.1:
  version "7.1.2"
  resolved "https://registry.yarnpkg.com/parse5/-/parse5-7.1.2.tgz#0736bebbfd77793823240a23b7fc5e010b7f8e32"
  integrity sha512-Czj1WaSVpaoj0wbhMzLmWD69anp2WH7FXMB9n1Sy8/ZFF9jolSQVMu1Ij5WIyGmcBmhk7EOndpO4mIpihVqAXw==
  dependencies:
    entities "^4.4.0"

prelude-ls@~1.1.2:
  version "1.1.2"
  resolved "https://registry.yarnpkg.com/prelude-ls/-/prelude-ls-1.1.2.tgz#21932a549f5e52ffd9a827f570e04be62a97da54"
  integrity sha512-ESF23V4SKG6lVSGZgYNpbsiaAkdab6ZgOxe52p7+Kid3W3u3bxR4Vfd/o21dmN7jSt0IwgZ4v5MUd26FEtXE9w==

prettier@2.8.0:
  version "2.8.0"
  resolved "https://registry.yarnpkg.com/prettier/-/prettier-2.8.0.tgz#c7df58393c9ba77d6fba3921ae01faf994fb9dc9"
  integrity sha512-9Lmg8hTFZKG0Asr/kW9Bp8tJjRVluO8EJQVfY2T7FMw9T5jy4I/Uvx0Rca/XWf50QQ1/SS48+6IJWnrb+2yemA==

psl@^1.1.33:
  version "1.9.0"
  resolved "https://registry.yarnpkg.com/psl/-/psl-1.9.0.tgz#d0df2a137f00794565fcaf3b2c00cd09f8d5a5a7"
  integrity sha512-E/ZsdU4HLs/68gYzgGTkMicWTLPdAftJLfJFlLUAAKZGkStNU72sZjT66SnMDVOfOWY/YAoiD7Jxa9iHvngcag==

punycode@^2.1.1:
  version "2.1.1"
  resolved "https://registry.yarnpkg.com/punycode/-/punycode-2.1.1.tgz#b58b010ac40c22c5657616c8d2c2c02c7bf479ec"
  integrity sha512-XRsRjdf+j5ml+y/6GKHPZbrF/8p2Yga0JPtdqTIY2Xe5ohJPD9saDJJLPvp9+NSBprVvevdXZybnj2cv8OEd0A==

querystringify@^2.1.1:
  version "2.2.0"
  resolved "https://registry.yarnpkg.com/querystringify/-/querystringify-2.2.0.tgz#3345941b4153cb9d082d8eee4cda2016a9aef7f6"
  integrity sha512-FIqgj2EUvTa7R50u0rGsyTftzjYmv/a3hO345bZNrqabNqjtgiDMgmo4mkUjd+nzU5oF3dClKqFIPUKybUyqoQ==

requires-port@^1.0.0:
  version "1.0.0"
  resolved "https://registry.yarnpkg.com/requires-port/-/requires-port-1.0.0.tgz#925d2601d39ac485e091cf0da5c6e694dc3dcaff"
  integrity sha512-KigOCHcocU3XODJxsu8i/j8T9tzT4adHiecwORRQ0ZZFcp7ahwXuRU1m+yuO90C5ZUyGeGfocHDI14M3L3yDAQ==

"safer-buffer@>= 2.1.2 < 3.0.0":
  version "2.1.2"
  resolved "https://registry.yarnpkg.com/safer-buffer/-/safer-buffer-2.1.2.tgz#44fa161b0187b9549dd84bb91802f9bd8385cd6a"
  integrity sha512-YZo3K82SD7Riyi0E1EQPojLz7kpepnSQI9IyPbHHg1XXXevb5dJI7tpyN2ADxGcQbHG7vcyRHk0cbwqcQriUtg==

saxes@^6.0.0:
  version "6.0.0"
  resolved "https://registry.yarnpkg.com/saxes/-/saxes-6.0.0.tgz#fe5b4a4768df4f14a201b1ba6a65c1f3d9988cc5"
  integrity sha512-xAg7SOnEhrm5zI3puOOKyy1OMcMlIJZYNJY7xLBwSze0UjhPLnWfj2GF2EpT0jmzaJKIWKHLsaSSajf35bcYnA==
  dependencies:
    xmlchars "^2.2.0"

source-map-support@0.5.21:
  version "0.5.21"
  resolved "https://registry.yarnpkg.com/source-map-support/-/source-map-support-0.5.21.tgz#04fe7c7f9e1ed2d662233c28cb2b35b9f63f6e4f"
  integrity sha512-uBHU3L3czsIyYXKX88fdrGovxdSCoTGDRZ6SYXtSRxLZUzHg5P/66Ht6uoUlHu9EZod+inXhKo3qQgwXUT/y1w==
  dependencies:
    buffer-from "^1.0.0"
    source-map "^0.6.0"

source-map@^0.6.0, source-map@~0.6.1:
  version "0.6.1"
  resolved "https://registry.yarnpkg.com/source-map/-/source-map-0.6.1.tgz#74722af32e9614e9c287a8d0bbde48b5e2f1a263"
  integrity sha512-UjgapumWlbMhkBgzT7Ykc5YXUT46F0iKu8SGXq0bcwP5dz/h0Plj6enJqjz1Zbq2l5WaqYnrVbwWOWMyF3F47g==

symbol-tree@^3.2.4:
  version "3.2.4"
  resolved "https://registry.yarnpkg.com/symbol-tree/-/symbol-tree-3.2.4.tgz#430637d248ba77e078883951fb9aa0eed7c63fa2"
  integrity sha512-9QNk5KwDF+Bvz+PyObkmSYjI5ksVUYtjW7AU22r2NKcfLJcXp96hkDWU3+XndOsUb+AQ9QhfzfCT2O+CNWT5Tw==

tough-cookie@^4.1.2:
  version "4.1.2"
  resolved "https://registry.yarnpkg.com/tough-cookie/-/tough-cookie-4.1.2.tgz#e53e84b85f24e0b65dd526f46628db6c85f6b874"
  integrity sha512-G9fqXWoYFZgTc2z8Q5zaHy/vJMjm+WV0AkAeHxVCQiEB1b+dGvWzFW6QV07cY5jQ5gRkeid2qIkzkxUnmoQZUQ==
  dependencies:
    psl "^1.1.33"
    punycode "^2.1.1"
    universalify "^0.2.0"
    url-parse "^1.5.3"

tr46@^3.0.0:
  version "3.0.0"
  resolved "https://registry.yarnpkg.com/tr46/-/tr46-3.0.0.tgz#555c4e297a950617e8eeddef633c87d4d9d6cbf9"
  integrity sha512-l7FvfAHlcmulp8kr+flpQZmVwtu7nfRV7NZujtN0OqES8EL4O4e0qqzL0DC5gAvx/ZC/9lk6rhcUwYvkBnBnYA==
  dependencies:
    punycode "^2.1.1"

tr46@~0.0.3:
  version "0.0.3"
  resolved "https://registry.yarnpkg.com/tr46/-/tr46-0.0.3.tgz#8184fd347dac9cdc185992f3a6622e14b9d9ab6a"
  integrity sha512-N3WMsuqV66lT30CrXNbEjx4GEwlow3v6rr4mCcv6prnfwhS01rkgyFdjPNBYd9br7LpXV1+Emh01fHnq2Gdgrw==

tslib@2.4.0:
  version "2.4.0"
  resolved "https://registry.yarnpkg.com/tslib/-/tslib-2.4.0.tgz#7cecaa7f073ce680a05847aa77be941098f36dc3"
  integrity sha512-d6xOpEDfsi2CZVlPQzGeux8XMwLT9hssAsaPYExaQMuYskwb+x1x7J371tWlbBdWHroy99KnVB6qIkUbs5X3UQ==

type-check@~0.3.2:
  version "0.3.2"
  resolved "https://registry.yarnpkg.com/type-check/-/type-check-0.3.2.tgz#5884cab512cf1d355e3fb784f30804b2b520db72"
  integrity sha512-ZCmOJdvOWDBYJlzAoFkC+Q0+bUyEOS1ltgp1MGU03fqHG+dbi9tBFU2Rd9QKiDZFAYrhPh2JUf7rZRIuHRKtOg==
  dependencies:
    prelude-ls "~1.1.2"

typescript@4.9.3:
  version "4.9.3"
  resolved "https://registry.yarnpkg.com/typescript/-/typescript-4.9.3.tgz#3aea307c1746b8c384435d8ac36b8a2e580d85db"
  integrity sha512-CIfGzTelbKNEnLpLdGFgdyKhG23CKdKgQPOBc+OUNrkJ2vr+KSzsSV5kq5iWhEQbok+quxgGzrAtGWCyU7tHnA==

universalify@^0.2.0:
  version "0.2.0"
  resolved "https://registry.yarnpkg.com/universalify/-/universalify-0.2.0.tgz#6451760566fa857534745ab1dde952d1b1761be0"
  integrity sha512-CJ1QgKmNg3CwvAv/kOFmtnEN05f0D/cn9QntgNOQlQF9dgvVTHj3t+8JPdjqawCHk7V/KA+fbUqzZ9XWhcqPUg==

url-parse@^1.5.3:
  version "1.5.10"
  resolved "https://registry.yarnpkg.com/url-parse/-/url-parse-1.5.10.tgz#9d3c2f736c1d75dd3bd2be507dcc111f1e2ea9c1"
  integrity sha512-WypcfiRhfeUP9vvF0j6rw0J3hrWrw6iZv3+22h6iRMJ/8z1Tj6XfLP4DsUix5MhMPnXpiHDoKyoZ/bdCkwBCiQ==
  dependencies:
    querystringify "^2.1.1"
    requires-port "^1.0.0"

w3c-xmlserializer@^4.0.0:
  version "4.0.0"
  resolved "https://registry.yarnpkg.com/w3c-xmlserializer/-/w3c-xmlserializer-4.0.0.tgz#aebdc84920d806222936e3cdce408e32488a3073"
  integrity sha512-d+BFHzbiCx6zGfz0HyQ6Rg69w9k19nviJspaj4yNscGjrHu94sVP+aRm75yEbCh+r2/yR+7q6hux9LVtbuTGBw==
  dependencies:
    xml-name-validator "^4.0.0"

webidl-conversions@^3.0.0:
  version "3.0.1"
  resolved "https://registry.yarnpkg.com/webidl-conversions/-/webidl-conversions-3.0.1.tgz#24534275e2a7bc6be7bc86611cc16ae0a5654871"
  integrity sha512-2JAn3z8AR6rjK8Sm8orRC0h/bcl/DqL7tRPdGZ4I1CjdF+EaMLmYxBHyXuKL849eucPFhvBoxMsflfOb8kxaeQ==

webidl-conversions@^7.0.0:
  version "7.0.0"
  resolved "https://registry.yarnpkg.com/webidl-conversions/-/webidl-conversions-7.0.0.tgz#256b4e1882be7debbf01d05f0aa2039778ea080a"
  integrity sha512-VwddBukDzu71offAQR975unBIGqfKZpM+8ZX6ySk8nYhVoo5CYaZyzt3YBvYtRtO+aoGlqxPg/B87NGVZ/fu6g==

whatwg-encoding@^2.0.0:
  version "2.0.0"
  resolved "https://registry.yarnpkg.com/whatwg-encoding/-/whatwg-encoding-2.0.0.tgz#e7635f597fd87020858626805a2729fa7698ac53"
  integrity sha512-p41ogyeMUrw3jWclHWTQg1k05DSVXPLcVxRTYsXUk+ZooOCZLcoYgPZ/HL/D/N+uQPOtcp1me1WhBEaX02mhWg==
  dependencies:
    iconv-lite "0.6.3"

whatwg-mimetype@^3.0.0:
  version "3.0.0"
  resolved "https://registry.yarnpkg.com/whatwg-mimetype/-/whatwg-mimetype-3.0.0.tgz#5fa1a7623867ff1af6ca3dc72ad6b8a4208beba7"
  integrity sha512-nt+N2dzIutVRxARx1nghPKGv1xHikU7HKdfafKkLNLindmPU/ch3U31NOCGGA/dmPcmb1VlofO0vnKAcsm0o/Q==

whatwg-url@^11.0.0:
  version "11.0.0"
  resolved "https://registry.yarnpkg.com/whatwg-url/-/whatwg-url-11.0.0.tgz#0a849eebb5faf2119b901bb76fd795c2848d4018"
  integrity sha512-RKT8HExMpoYx4igMiVMY83lN6UeITKJlBQ+vR/8ZJ8OCdSiN3RwCq+9gH0+Xzj0+5IrM6i4j/6LuvzbZIQgEcQ==
  dependencies:
    tr46 "^3.0.0"
    webidl-conversions "^7.0.0"

whatwg-url@^5.0.0:
  version "5.0.0"
  resolved "https://registry.yarnpkg.com/whatwg-url/-/whatwg-url-5.0.0.tgz#966454e8765462e37644d3626f6742ce8b70965d"
  integrity sha512-saE57nupxk6v3HY35+jzBwYa0rKSy0XR8JSxZPwgLr7ys0IBzhGviA1/TUGJLmSVqs8pb9AnvICXEuOHLprYTw==
  dependencies:
    tr46 "~0.0.3"
    webidl-conversions "^3.0.0"

word-wrap@~1.2.3:
  version "1.2.3"
  resolved "https://registry.yarnpkg.com/word-wrap/-/word-wrap-1.2.3.tgz#610636f6b1f703891bd34771ccb17fb93b47079c"
  integrity sha512-Hz/mrNwitNRh/HUAtM/VT/5VH+ygD6DV7mYKZAtHOrbs8U7lvPS6xf7EJKMF0uW1KJCl0H701g3ZGus+muE5vQ==

ws@^8.11.0:
  version "8.11.0"
  resolved "https://registry.yarnpkg.com/ws/-/ws-8.11.0.tgz#6a0d36b8edfd9f96d8b25683db2f8d7de6e8e143"
  integrity sha512-HPG3wQd9sNQoT9xHyNCXoDUa+Xw/VevmY9FoHyQ+g+rrMn4j6FB4np7Z0OhdTgjx6MgQLK7jwSy1YecU1+4Asg==

xml-name-validator@^4.0.0:
  version "4.0.0"
  resolved "https://registry.yarnpkg.com/xml-name-validator/-/xml-name-validator-4.0.0.tgz#79a006e2e63149a8600f15430f0a4725d1524835"
  integrity sha512-ICP2e+jsHvAj2E2lIHxa5tjXRlKDJo4IdvPvCXbXQGdzSfmSpNVyIKMvoZHjDY9DP0zV17iI85o90vRFXNccRw==

xmlchars@^2.2.0:
  version "2.2.0"
  resolved "https://registry.yarnpkg.com/xmlchars/-/xmlchars-2.2.0.tgz#060fe1bcb7f9c76fe2a17db86a9bc3ab894210cb"
  integrity sha512-JZnDKK8B0RCDw84FNdDAIpZK+JuJw+s7Lz8nksI7SIuU3UXJJslUthsi+uWBUYOwPFwW7W7PRLRfUKpxjtjFCw==

yocto-queue@^0.1.0:
  version "0.1.0"
  resolved "https://registry.yarnpkg.com/yocto-queue/-/yocto-queue-0.1.0.tgz#0294eb3dee05028d31ee1a5fa2c556a6aaf10a1b"
  integrity sha512-rVksvsnNCdJ/ohGc6xgPwyN8eheCxsiLM8mxuE/t/mOVqJewPuO1miLpTHQiRgTKCLexL4MeAFVagts7HmNZ2Q==
